
Microsoft Visual Studio Solution File, Format Version 12.00
# Visual Studio 15
VisualStudioVersion = 15.0.28307.438
MinimumVisualStudioVersion = 10.0.40219.1
Project("{FAE04EC0-301F-11D3-BF4B-00C04F79EFBC}") = "XsAndOs", "XsAndOs\XsAndOs.csproj", "{672B9089-ED8B-4F23-8333-69747CD3506D}"
EndProject
Global
	GlobalSection(SolutionConfigurationPlatforms) = preSolution
		Debug|Any CPU = Debug|Any CPU
		Release|Any CPU = Release|Any CPU
	EndGlobalSection
	GlobalSection(ProjectConfigurationPlatforms) = postSolution
		{672B9089-ED8B-4F23-8333-69747CD3506D}.Debug|Any CPU.ActiveCfg = Debug|Any CPU
		{672B9089-ED8B-4F23-8333-69747CD3506D}.Debug|Any CPU.Build.0 = Debug|Any CPU
		{672B9089-ED8B-4F23-8333-69747CD3506D}.Release|Any CPU.ActiveCfg = Release|Any CPU
		{672B9089-ED8B-4F23-8333-69747CD3506D}.Release|Any CPU.Build.0 = Release|Any CPU
	EndGlobalSection
	GlobalSection(SolutionProperties) = preSolution
		HideSolutionNode = FALSE
	EndGlobalSection
	GlobalSection(ExtensibilityGlobals) = postSolution
		SolutionGuid = {6959B0F8-E1B2-42F8-88FD-ACA2E91A0492}
	EndGlobalSection
EndGlobal
