
Microsoft Visual Studio Solution File, Format Version 12.00
# Visual Studio 15
VisualStudioVersion = 15.0.28307.329
MinimumVisualStudioVersion = 10.0.40219.1
Project("{FAE04EC0-301F-11D3-BF4B-00C04F79EFBC}") = "EnergyBillApp", "EnergyBillApp\EnergyBillApp.csproj", "{9FAF8A30-38AA-4C22-B2FA-F9C59E87D0E8}"
EndProject
Global
	GlobalSection(SolutionConfigurationPlatforms) = preSolution
		Debug|Any CPU = Debug|Any CPU
		Release|Any CPU = Release|Any CPU
	EndGlobalSection
	GlobalSection(ProjectConfigurationPlatforms) = postSolution
		{9FAF8A30-38AA-4C22-B2FA-F9C59E87D0E8}.Debug|Any CPU.ActiveCfg = Debug|Any CPU
		{9FAF8A30-38AA-4C22-B2FA-F9C59E87D0E8}.Debug|Any CPU.Build.0 = Debug|Any CPU
		{9FAF8A30-38AA-4C22-B2FA-F9C59E87D0E8}.Release|Any CPU.ActiveCfg = Release|Any CPU
		{9FAF8A30-38AA-4C22-B2FA-F9C59E87D0E8}.Release|Any CPU.Build.0 = Release|Any CPU
	EndGlobalSection
	GlobalSection(SolutionProperties) = preSolution
		HideSolutionNode = FALSE
	EndGlobalSection
	GlobalSection(ExtensibilityGlobals) = postSolution
		SolutionGuid = {2BD49A9A-8A07-4634-8A29-E2028EBBC4E3}
	EndGlobalSection
EndGlobal
