
Microsoft Visual Studio Solution File, Format Version 12.00
# Visual Studio 15
VisualStudioVersion = 15.0.28307.329
MinimumVisualStudioVersion = 10.0.40219.1
Project("{FAE04EC0-301F-11D3-BF4B-00C04F79EFBC}") = "Design a database connection", "Design a database connection\Design a database connection.csproj", "{82AA1759-200F-4C11-B9D2-8FDE1B3FA529}"
EndProject
Global
	GlobalSection(SolutionConfigurationPlatforms) = preSolution
		Debug|Any CPU = Debug|Any CPU
		Release|Any CPU = Release|Any CPU
	EndGlobalSection
	GlobalSection(ProjectConfigurationPlatforms) = postSolution
		{82AA1759-200F-4C11-B9D2-8FDE1B3FA529}.Debug|Any CPU.ActiveCfg = Debug|Any CPU
		{82AA1759-200F-4C11-B9D2-8FDE1B3FA529}.Debug|Any CPU.Build.0 = Debug|Any CPU
		{82AA1759-200F-4C11-B9D2-8FDE1B3FA529}.Release|Any CPU.ActiveCfg = Release|Any CPU
		{82AA1759-200F-4C11-B9D2-8FDE1B3FA529}.Release|Any CPU.Build.0 = Release|Any CPU
	EndGlobalSection
	GlobalSection(SolutionProperties) = preSolution
		HideSolutionNode = FALSE
	EndGlobalSection
	GlobalSection(ExtensibilityGlobals) = postSolution
		SolutionGuid = {7E6CF3B7-4A98-4E80-B888-3F118A770CCD}
	EndGlobalSection
EndGlobal
