
Microsoft Visual Studio Solution File, Format Version 12.00
# Visual Studio Version 16
VisualStudioVersion = 16.0.28803.202
MinimumVisualStudioVersion = 10.0.40219.1
Project("{FAE04EC0-301F-11D3-BF4B-00C04F79EFBC}") = "CustomerRegisterApp", "CustomerRegisterApp\CustomerRegisterApp.csproj", "{746F2E08-A453-46B5-934A-151A432EB644}"
EndProject
Global
	GlobalSection(SolutionConfigurationPlatforms) = preSolution
		Debug|Any CPU = Debug|Any CPU
		Release|Any CPU = Release|Any CPU
	EndGlobalSection
	GlobalSection(ProjectConfigurationPlatforms) = postSolution
		{746F2E08-A453-46B5-934A-151A432EB644}.Debug|Any CPU.ActiveCfg = Debug|Any CPU
		{746F2E08-A453-46B5-934A-151A432EB644}.Debug|Any CPU.Build.0 = Debug|Any CPU
		{746F2E08-A453-46B5-934A-151A432EB644}.Release|Any CPU.ActiveCfg = Release|Any CPU
		{746F2E08-A453-46B5-934A-151A432EB644}.Release|Any CPU.Build.0 = Release|Any CPU
	EndGlobalSection
	GlobalSection(SolutionProperties) = preSolution
		HideSolutionNode = FALSE
	EndGlobalSection
	GlobalSection(ExtensibilityGlobals) = postSolution
		SolutionGuid = {D6586E8D-5C21-43A1-A04E-9D1852C62AB9}
	EndGlobalSection
EndGlobal
