
Microsoft Visual Studio Solution File, Format Version 12.00
# Visual Studio 15
VisualStudioVersion = 15.0.28307.539
MinimumVisualStudioVersion = 10.0.40219.1
Project("{FAE04EC0-301F-11D3-BF4B-00C04F79EFBC}") = "Maze", "Maze\Maze.csproj", "{2A141E2F-3F12-4A54-8CA7-584DBB5F1266}"
EndProject
Global
	GlobalSection(SolutionConfigurationPlatforms) = preSolution
		Debug|Any CPU = Debug|Any CPU
		Release|Any CPU = Release|Any CPU
	EndGlobalSection
	GlobalSection(ProjectConfigurationPlatforms) = postSolution
		{2A141E2F-3F12-4A54-8CA7-584DBB5F1266}.Debug|Any CPU.ActiveCfg = Debug|Any CPU
		{2A141E2F-3F12-4A54-8CA7-584DBB5F1266}.Debug|Any CPU.Build.0 = Debug|Any CPU
		{2A141E2F-3F12-4A54-8CA7-584DBB5F1266}.Release|Any CPU.ActiveCfg = Release|Any CPU
		{2A141E2F-3F12-4A54-8CA7-584DBB5F1266}.Release|Any CPU.Build.0 = Release|Any CPU
	EndGlobalSection
	GlobalSection(SolutionProperties) = preSolution
		HideSolutionNode = FALSE
	EndGlobalSection
	GlobalSection(ExtensibilityGlobals) = postSolution
		SolutionGuid = {0CB216A1-DEC0-4C67-B88B-A83D5952F708}
	EndGlobalSection
EndGlobal
