
Microsoft Visual Studio Solution File, Format Version 12.00
# Visual Studio 15
VisualStudioVersion = 15.0.28307.572
MinimumVisualStudioVersion = 10.0.40219.1
Project("{FAE04EC0-301F-11D3-BF4B-00C04F79EFBC}") = "Project Euler Tasks", "Project Euler Tasks.csproj", "{68EC10DB-0D58-4367-8D60-A11895699AED}"
EndProject
Global
	GlobalSection(SolutionConfigurationPlatforms) = preSolution
		Debug|Any CPU = Debug|Any CPU
		Release|Any CPU = Release|Any CPU
	EndGlobalSection
	GlobalSection(ProjectConfigurationPlatforms) = postSolution
		{68EC10DB-0D58-4367-8D60-A11895699AED}.Debug|Any CPU.ActiveCfg = Debug|Any CPU
		{68EC10DB-0D58-4367-8D60-A11895699AED}.Debug|Any CPU.Build.0 = Debug|Any CPU
		{68EC10DB-0D58-4367-8D60-A11895699AED}.Release|Any CPU.ActiveCfg = Release|Any CPU
		{68EC10DB-0D58-4367-8D60-A11895699AED}.Release|Any CPU.Build.0 = Release|Any CPU
	EndGlobalSection
	GlobalSection(SolutionProperties) = preSolution
		HideSolutionNode = FALSE
	EndGlobalSection
	GlobalSection(ExtensibilityGlobals) = postSolution
		SolutionGuid = {768800A6-ABD3-40CB-A9BE-83DB48F399CA}
	EndGlobalSection
EndGlobal
