
Microsoft Visual Studio Solution File, Format Version 12.00
# Visual Studio 2012
Project("{FAE04EC0-301F-11D3-BF4B-00C04F79EFBC}") = "NullableTypes", "NullableTypes\NullableTypes.csproj", "{6B33E81B-C90B-411C-887B-7D1C272FF629}"
EndProject
Global
	GlobalSection(SolutionConfigurationPlatforms) = preSolution
		Debug|Any CPU = Debug|Any CPU
		Release|Any CPU = Release|Any CPU
	EndGlobalSection
	GlobalSection(ProjectConfigurationPlatforms) = postSolution
		{6B33E81B-C90B-411C-887B-7D1C272FF629}.Debug|Any CPU.ActiveCfg = Debug|Any CPU
		{6B33E81B-C90B-411C-887B-7D1C272FF629}.Debug|Any CPU.Build.0 = Debug|Any CPU
		{6B33E81B-C90B-411C-887B-7D1C272FF629}.Release|Any CPU.ActiveCfg = Release|Any CPU
		{6B33E81B-C90B-411C-887B-7D1C272FF629}.Release|Any CPU.Build.0 = Release|Any CPU
	EndGlobalSection
	GlobalSection(SolutionProperties) = preSolution
		HideSolutionNode = FALSE
	EndGlobalSection
EndGlobal
