
Microsoft Visual Studio Solution File, Format Version 12.00
# Visual Studio 15
VisualStudioVersion = 15.0.28307.329
MinimumVisualStudioVersion = 10.0.40219.1
Project("{FAE04EC0-301F-11D3-BF4B-00C04F79EFBC}") = "CSharpFundamentals", "CSharpFundamentals\CSharpFundamentals.csproj", "{144D50CF-1F66-4619-BED1-8D55ED1740AB}"
EndProject
Global
	GlobalSection(SolutionConfigurationPlatforms) = preSolution
		Debug|Any CPU = Debug|Any CPU
		Release|Any CPU = Release|Any CPU
	EndGlobalSection
	GlobalSection(ProjectConfigurationPlatforms) = postSolution
		{144D50CF-1F66-4619-BED1-8D55ED1740AB}.Debug|Any CPU.ActiveCfg = Debug|Any CPU
		{144D50CF-1F66-4619-BED1-8D55ED1740AB}.Debug|Any CPU.Build.0 = Debug|Any CPU
		{144D50CF-1F66-4619-BED1-8D55ED1740AB}.Release|Any CPU.ActiveCfg = Release|Any CPU
		{144D50CF-1F66-4619-BED1-8D55ED1740AB}.Release|Any CPU.Build.0 = Release|Any CPU
	EndGlobalSection
	GlobalSection(SolutionProperties) = preSolution
		HideSolutionNode = FALSE
	EndGlobalSection
	GlobalSection(ExtensibilityGlobals) = postSolution
		SolutionGuid = {37BCF847-6C0B-4C6D-BCB5-76464FE4AAE9}
	EndGlobalSection
EndGlobal
