
Microsoft Visual Studio Solution File, Format Version 12.00
# Visual Studio 15
VisualStudioVersion = 15.0.28307.329
MinimumVisualStudioVersion = 10.0.40219.1
Project("{FAE04EC0-301F-11D3-BF4B-00C04F79EFBC}") = "Testability", "Testability\Testability.csproj", "{126ED8CD-C761-490C-97E2-D15968527CC1}"
EndProject
Project("{FAE04EC0-301F-11D3-BF4B-00C04F79EFBC}") = "Testability.UnitTests", "Testability.UnitTests\Testability.UnitTests.csproj", "{844168F1-3F03-497C-88A0-16AD0B947BAA}"
EndProject
Global
	GlobalSection(SolutionConfigurationPlatforms) = preSolution
		Debug|Any CPU = Debug|Any CPU
		Release|Any CPU = Release|Any CPU
	EndGlobalSection
	GlobalSection(ProjectConfigurationPlatforms) = postSolution
		{126ED8CD-C761-490C-97E2-D15968527CC1}.Debug|Any CPU.ActiveCfg = Debug|Any CPU
		{126ED8CD-C761-490C-97E2-D15968527CC1}.Debug|Any CPU.Build.0 = Debug|Any CPU
		{126ED8CD-C761-490C-97E2-D15968527CC1}.Release|Any CPU.ActiveCfg = Release|Any CPU
		{126ED8CD-C761-490C-97E2-D15968527CC1}.Release|Any CPU.Build.0 = Release|Any CPU
		{844168F1-3F03-497C-88A0-16AD0B947BAA}.Debug|Any CPU.ActiveCfg = Debug|Any CPU
		{844168F1-3F03-497C-88A0-16AD0B947BAA}.Debug|Any CPU.Build.0 = Debug|Any CPU
		{844168F1-3F03-497C-88A0-16AD0B947BAA}.Release|Any CPU.ActiveCfg = Release|Any CPU
		{844168F1-3F03-497C-88A0-16AD0B947BAA}.Release|Any CPU.Build.0 = Release|Any CPU
	EndGlobalSection
	GlobalSection(SolutionProperties) = preSolution
		HideSolutionNode = FALSE
	EndGlobalSection
	GlobalSection(ExtensibilityGlobals) = postSolution
		SolutionGuid = {1B634D04-9D6C-48C6-9271-A86D8CF98181}
	EndGlobalSection
EndGlobal
